
Microsoft Visual Studio Solution File, Format Version 12.00
Project("{2150E333-8FDC-42A3-9474-1A3956D46DE8}") = "Services", "Services", "{9D210222-32A5-4AAC-A020-B4785FD18EB3}"
EndProject
Project("{2150E333-8FDC-42A3-9474-1A3956D46DE8}") = "Catalog", "Catalog", "{8005160F-0746-4F78-B28D-9C9012F978B6}"
EndProject
Project("{FAE04EC0-301F-11D3-BF4B-00C04F79EFBC}") = "Catalog.API", "Services\Catalog\Catalog.API\Catalog.API.csproj", "{CF24CEB5-0107-438A-B2AF-1F75A13E4DFF}"
EndProject
Global
	GlobalSection(SolutionConfigurationPlatforms) = preSolution
		Debug|Any CPU = Debug|Any CPU
		Release|Any CPU = Release|Any CPU
	EndGlobalSection
	GlobalSection(NestedProjects) = preSolution
		{8005160F-0746-4F78-B28D-9C9012F978B6} = {9D210222-32A5-4AAC-A020-B4785FD18EB3}
		{CF24CEB5-0107-438A-B2AF-1F75A13E4DFF} = {8005160F-0746-4F78-B28D-9C9012F978B6}
	EndGlobalSection
	GlobalSection(ProjectConfigurationPlatforms) = postSolution
	EndGlobalSection
EndGlobal
